
Microsoft Visual Studio Solution File, Format Version 12.00
# Visual Studio Version 17
VisualStudioVersion = 17.4.33213.308
MinimumVisualStudioVersion = 10.0.40219.1
Project("{FAE04EC0-301F-11D3-BF4B-00C04F79EFBC}") = "Handling.trasient.error", "Handling.trasient.error\Handling.trasient.error.csproj", "{3662710D-137F-418E-A54C-77E25C837D05}"
EndProject
Global
	GlobalSection(SolutionConfigurationPlatforms) = preSolution
		Debug|Any CPU = Debug|Any CPU
		Release|Any CPU = Release|Any CPU
	EndGlobalSection
	GlobalSection(ProjectConfigurationPlatforms) = postSolution
		{3662710D-137F-418E-A54C-77E25C837D05}.Debug|Any CPU.ActiveCfg = Debug|Any CPU
		{3662710D-137F-418E-A54C-77E25C837D05}.Debug|Any CPU.Build.0 = Debug|Any CPU
		{3662710D-137F-418E-A54C-77E25C837D05}.Release|Any CPU.ActiveCfg = Release|Any CPU
		{3662710D-137F-418E-A54C-77E25C837D05}.Release|Any CPU.Build.0 = Release|Any CPU
	EndGlobalSection
	GlobalSection(SolutionProperties) = preSolution
		HideSolutionNode = FALSE
	EndGlobalSection
	GlobalSection(ExtensibilityGlobals) = postSolution
		SolutionGuid = {51C012AB-5C35-418B-8A3B-D5D00CED8732}
	EndGlobalSection
EndGlobal
