
Microsoft Visual Studio Solution File, Format Version 12.00
# Visual Studio Version 17
VisualStudioVersion = 17.4.33213.308
MinimumVisualStudioVersion = 10.0.40219.1
Project("{FAE04EC0-301F-11D3-BF4B-00C04F79EFBC}") = "WebApplication1", "WebApplication1\WebApplication1.csproj", "{B9E4ECBF-0A46-47AB-A617-401E7BEE87A6}"
EndProject
Global
	GlobalSection(SolutionConfigurationPlatforms) = preSolution
		Debug|Any CPU = Debug|Any CPU
		Release|Any CPU = Release|Any CPU
	EndGlobalSection
	GlobalSection(ProjectConfigurationPlatforms) = postSolution
		{B9E4ECBF-0A46-47AB-A617-401E7BEE87A6}.Debug|Any CPU.ActiveCfg = Debug|Any CPU
		{B9E4ECBF-0A46-47AB-A617-401E7BEE87A6}.Debug|Any CPU.Build.0 = Debug|Any CPU
		{B9E4ECBF-0A46-47AB-A617-401E7BEE87A6}.Release|Any CPU.ActiveCfg = Release|Any CPU
		{B9E4ECBF-0A46-47AB-A617-401E7BEE87A6}.Release|Any CPU.Build.0 = Release|Any CPU
	EndGlobalSection
	GlobalSection(SolutionProperties) = preSolution
		HideSolutionNode = FALSE
	EndGlobalSection
	GlobalSection(ExtensibilityGlobals) = postSolution
		SolutionGuid = {F92679E7-DDB4-45A4-A537-C61C58D7A414}
	EndGlobalSection
EndGlobal
