
Microsoft Visual Studio Solution File, Format Version 12.00
# Visual Studio Version 17
VisualStudioVersion = 17.1.32319.34
MinimumVisualStudioVersion = 10.0.40219.1
Project("{FAE04EC0-301F-11D3-BF4B-00C04F79EFBC}") = "DILifeTimeDemo", "DILifeTimeDemo\DILifeTimeDemo.csproj", "{E5664C5E-DB8A-4E1D-BF8A-794E19BBCC6E}"
EndProject
Global
	GlobalSection(SolutionConfigurationPlatforms) = preSolution
		Debug|Any CPU = Debug|Any CPU
		Release|Any CPU = Release|Any CPU
	EndGlobalSection
	GlobalSection(ProjectConfigurationPlatforms) = postSolution
		{E5664C5E-DB8A-4E1D-BF8A-794E19BBCC6E}.Debug|Any CPU.ActiveCfg = Debug|Any CPU
		{E5664C5E-DB8A-4E1D-BF8A-794E19BBCC6E}.Debug|Any CPU.Build.0 = Debug|Any CPU
		{E5664C5E-DB8A-4E1D-BF8A-794E19BBCC6E}.Release|Any CPU.ActiveCfg = Release|Any CPU
		{E5664C5E-DB8A-4E1D-BF8A-794E19BBCC6E}.Release|Any CPU.Build.0 = Release|Any CPU
	EndGlobalSection
	GlobalSection(SolutionProperties) = preSolution
		HideSolutionNode = FALSE
	EndGlobalSection
	GlobalSection(ExtensibilityGlobals) = postSolution
		SolutionGuid = {EC46F6DE-302B-4C16-889F-E9CD6D717056}
	EndGlobalSection
EndGlobal
